
Microsoft Visual Studio Solution File, Format Version 12.00
# Visual Studio Version 17
VisualStudioVersion = 17.6.33801.468
MinimumVisualStudioVersion = 10.0.40219.1
Project("{FAE04EC0-301F-11D3-BF4B-00C04F79EFBC}") = "AeroParts_WebScrapping", "AeroParts_WebScrapping\AeroParts_WebScrapping.csproj", "{BB3FC73C-4187-4547-9E6C-7DF838E4EF1D}"
EndProject
Global
	GlobalSection(SolutionConfigurationPlatforms) = preSolution
		Debug|Any CPU = Debug|Any CPU
		Release|Any CPU = Release|Any CPU
	EndGlobalSection
	GlobalSection(ProjectConfigurationPlatforms) = postSolution
		{BB3FC73C-4187-4547-9E6C-7DF838E4EF1D}.Debug|Any CPU.ActiveCfg = Debug|Any CPU
		{BB3FC73C-4187-4547-9E6C-7DF838E4EF1D}.Debug|Any CPU.Build.0 = Debug|Any CPU
		{BB3FC73C-4187-4547-9E6C-7DF838E4EF1D}.Release|Any CPU.ActiveCfg = Release|Any CPU
		{BB3FC73C-4187-4547-9E6C-7DF838E4EF1D}.Release|Any CPU.Build.0 = Release|Any CPU
	EndGlobalSection
	GlobalSection(SolutionProperties) = preSolution
		HideSolutionNode = FALSE
	EndGlobalSection
	GlobalSection(ExtensibilityGlobals) = postSolution
		SolutionGuid = {8F607778-493C-4E9E-8F6D-A4E366281ACA}
	EndGlobalSection
EndGlobal
